
Microsoft Visual Studio Solution File, Format Version 12.00
# Visual Studio 2013
VisualStudioVersion = 12.0.31101.0
MinimumVisualStudioVersion = 10.0.40219.1
Project("{8BC9CEB8-8B4A-11D0-8D11-00A0C91BC942}") = "lzma_static", "lzma_static\lzma_static.vcxproj", "{508B99BF-F39A-4419-B558-AB86223E939F}"
EndProject
Project("{8BC9CEB8-8B4A-11D0-8D11-00A0C91BC942}") = "xz", "xz\xz.vcxproj", "{CDFCCD02-A5C1-4AA2-A15F-3C3CC5F50F67}"
EndProject
Project("{8BC9CEB8-8B4A-11D0-8D11-00A0C91BC942}") = "xzdec", "xzdec\xzdec.vcxproj", "{846ACFCC-40ED-4B03-9BE2-3818B13CEE40}"
EndProject
Project("{8BC9CEB8-8B4A-11D0-8D11-00A0C91BC942}") = "lzma_shared", "lzma_shared\lzma_shared.vcxproj", "{6AF48196-4B97-4D40-8D36-782A4CD2ED8F}"
EndProject
Project("{8BC9CEB8-8B4A-11D0-8D11-00A0C91BC942}") = "lzmainfo", "lzmainfo\lzmainfo.vcxproj", "{CB1D3A6B-EBCE-44D2-BE3B-718146684FD7}"
EndProject
Global
	GlobalSection(SolutionConfigurationPlatforms) = preSolution
		Debug|Win32 = Debug|Win32
		Debug|x64 = Debug|x64
		Release|Win32 = Release|Win32
		Release|x64 = Release|x64
	EndGlobalSection
	GlobalSection(ProjectConfigurationPlatforms) = postSolution
		{508B99BF-F39A-4419-B558-AB86223E939F}.Debug|Win32.ActiveCfg = Debug|Win32
		{508B99BF-F39A-4419-B558-AB86223E939F}.Debug|Win32.Build.0 = Debug|Win32
		{508B99BF-F39A-4419-B558-AB86223E939F}.Debug|x64.ActiveCfg = Debug|x64
		{508B99BF-F39A-4419-B558-AB86223E939F}.Debug|x64.Build.0 = Debug|x64
		{508B99BF-F39A-4419-B558-AB86223E939F}.Release|Win32.ActiveCfg = Release|Win32
		{508B99BF-F39A-4419-B558-AB86223E939F}.Release|Win32.Build.0 = Release|Win32
		{508B99BF-F39A-4419-B558-AB86223E939F}.Release|x64.ActiveCfg = Release|x64
		{508B99BF-F39A-4419-B558-AB86223E939F}.Release|x64.Build.0 = Release|x64
		{CDFCCD02-A5C1-4AA2-A15F-3C3CC5F50F67}.Debug|Win32.ActiveCfg = Debug|Win32
		{CDFCCD02-A5C1-4AA2-A15F-3C3CC5F50F67}.Debug|Win32.Build.0 = Debug|Win32
		{CDFCCD02-A5C1-4AA2-A15F-3C3CC5F50F67}.Debug|x64.ActiveCfg = Debug|x64
		{CDFCCD02-A5C1-4AA2-A15F-3C3CC5F50F67}.Debug|x64.Build.0 = Debug|x64
		{CDFCCD02-A5C1-4AA2-A15F-3C3CC5F50F67}.Release|Win32.ActiveCfg = Release|Win32
		{CDFCCD02-A5C1-4AA2-A15F-3C3CC5F50F67}.Release|Win32.Build.0 = Release|Win32
		{CDFCCD02-A5C1-4AA2-A15F-3C3CC5F50F67}.Release|x64.ActiveCfg = Release|x64
		{CDFCCD02-A5C1-4AA2-A15F-3C3CC5F50F67}.Release|x64.Build.0 = Release|x64
		{846ACFCC-40ED-4B03-9BE2-3818B13CEE40}.Debug|Win32.ActiveCfg = Debug|Win32
		{846ACFCC-40ED-4B03-9BE2-3818B13CEE40}.Debug|Win32.Build.0 = Debug|Win32
		{846ACFCC-40ED-4B03-9BE2-3818B13CEE40}.Debug|x64.ActiveCfg = Debug|x64
		{846ACFCC-40ED-4B03-9BE2-3818B13CEE40}.Debug|x64.Build.0 = Debug|x64
		{846ACFCC-40ED-4B03-9BE2-3818B13CEE40}.Release|Win32.ActiveCfg = Release|Win32
		{846ACFCC-40ED-4B03-9BE2-3818B13CEE40}.Release|Win32.Build.0 = Release|Win32
		{846ACFCC-40ED-4B03-9BE2-3818B13CEE40}.Release|x64.ActiveCfg = Release|x64
		{846ACFCC-40ED-4B03-9BE2-3818B13CEE40}.Release|x64.Build.0 = Release|x64
		{6AF48196-4B97-4D40-8D36-782A4CD2ED8F}.Debug|Win32.ActiveCfg = Debug|Win32
		{6AF48196-4B97-4D40-8D36-782A4CD2ED8F}.Debug|Win32.Build.0 = Debug|Win32
		{6AF48196-4B97-4D40-8D36-782A4CD2ED8F}.Debug|x64.ActiveCfg = Debug|x64
		{6AF48196-4B97-4D40-8D36-782A4CD2ED8F}.Debug|x64.Build.0 = Debug|x64
		{6AF48196-4B97-4D40-8D36-782A4CD2ED8F}.Release|Win32.ActiveCfg = Release|Win32
		{6AF48196-4B97-4D40-8D36-782A4CD2ED8F}.Release|Win32.Build.0 = Release|Win32
		{6AF48196-4B97-4D40-8D36-782A4CD2ED8F}.Release|x64.ActiveCfg = Release|x64
		{6AF48196-4B97-4D40-8D36-782A4CD2ED8F}.Release|x64.Build.0 = Release|x64
		{CB1D3A6B-EBCE-44D2-BE3B-718146684FD7}.Debug|Win32.ActiveCfg = Debug|Win32
		{CB1D3A6B-EBCE-44D2-BE3B-718146684FD7}.Debug|Win32.Build.0 = Debug|Win32
		{CB1D3A6B-EBCE-44D2-BE3B-718146684FD7}.Debug|x64.ActiveCfg = Debug|x64
		{CB1D3A6B-EBCE-44D2-BE3B-718146684FD7}.Debug|x64.Build.0 = Debug|x64
		{CB1D3A6B-EBCE-44D2-BE3B-718146684FD7}.Release|Win32.ActiveCfg = Release|Win32
		{CB1D3A6B-EBCE-44D2-BE3B-718146684FD7}.Release|Win32.Build.0 = Release|Win32
		{CB1D3A6B-EBCE-44D2-BE3B-718146684FD7}.Release|x64.ActiveCfg = Release|x64
		{CB1D3A6B-EBCE-44D2-BE3B-718146684FD7}.Release|x64.Build.0 = Release|x64
	EndGlobalSection
	GlobalSection(SolutionProperties) = preSolution
		HideSolutionNode = FALSE
	EndGlobalSection
EndGlobal
